// !$*UTF8*$!
{
	archiveVersion = 1;
	classes = {
	};
	objectVersion = 51;
	objects = {

/* Begin PBXBuildFile section */
		2B5FD5CF972528DEC413CA87 /* Pods_OneStepDemoTests.framework in Frameworks */ = {isa = PBXBuildFile; fileRef = 0E6FFB83DE7071E95EA889E9 /* Pods_OneStepDemoTests.framework */; };
		95C40088256A524100EDB089 /* AppDelegate.swift in Sources */ = {isa = PBXBuildFile; fileRef = 95C40087256A524100EDB089 /* AppDelegate.swift */; };
		95C4008C256A524100EDB089 /* MainViewController.swift in Sources */ = {isa = PBXBuildFile; fileRef = 95C4008B256A524100EDB089 /* MainViewController.swift */; };
		95C4008F256A524100EDB089 /* Main.storyboard in Resources */ = {isa = PBXBuildFile; fileRef = 95C4008D256A524100EDB089 /* Main.storyboard */; };
		95C40091256A524200EDB089 /* Assets.xcassets in Resources */ = {isa = PBXBuildFile; fileRef = 95C40090256A524200EDB089 /* Assets.xcassets */; };
		95C40094256A524200EDB089 /* LaunchScreen.storyboard in Resources */ = {isa = PBXBuildFile; fileRef = 95C40092256A524200EDB089 /* LaunchScreen.storyboard */; };
		95C4009F256A524200EDB089 /* OneStepDemoTests.swift in Sources */ = {isa = PBXBuildFile; fileRef = 95C4009E256A524200EDB089 /* OneStepDemoTests.swift */; };
		95C400AA256A524200EDB089 /* OneStepDemoUITests.swift in Sources */ = {isa = PBXBuildFile; fileRef = 95C400A9256A524200EDB089 /* OneStepDemoUITests.swift */; };
		95C400C8256A544F00EDB089 /* GlobalKeys.swift in Sources */ = {isa = PBXBuildFile; fileRef = 95C400C7256A544F00EDB089 /* GlobalKeys.swift */; };
		95C400CE256A557600EDB089 /* WalkDetailsResponse.swift in Sources */ = {isa = PBXBuildFile; fileRef = 95C400CD256A557600EDB089 /* WalkDetailsResponse.swift */; };
		95C400D7256A581E00EDB089 /* NetworkUtils.swift in Sources */ = {isa = PBXBuildFile; fileRef = 95C400D6256A581E00EDB089 /* NetworkUtils.swift */; };
		95C400E0256A5A5100EDB089 /* SimpleCard.swift in Sources */ = {isa = PBXBuildFile; fileRef = 95C400DF256A5A5100EDB089 /* SimpleCard.swift */; };
		95C400E5256A5A5E00EDB089 /* InsightCard.swift in Sources */ = {isa = PBXBuildFile; fileRef = 95C400E4256A5A5E00EDB089 /* InsightCard.swift */; };
		95C400EA256A5A6A00EDB089 /* InsightCard.xib in Resources */ = {isa = PBXBuildFile; fileRef = 95C400E9256A5A6A00EDB089 /* InsightCard.xib */; };
		95C400EF256A5A7400EDB089 /* SimpleCard.xib in Resources */ = {isa = PBXBuildFile; fileRef = 95C400EE256A5A7400EDB089 /* SimpleCard.xib */; };
		95C400F7256A5CBD00EDB089 /* GradientProgressBarComponent.xib in Resources */ = {isa = PBXBuildFile; fileRef = 95C400F6256A5CBD00EDB089 /* GradientProgressBarComponent.xib */; };
		95C400FC256A5CC800EDB089 /* GradientProgressbarComponent.swift in Sources */ = {isa = PBXBuildFile; fileRef = 95C400FB256A5CC800EDB089 /* GradientProgressbarComponent.swift */; };
		95C4010E256A5D6700EDB089 /* UIView.swift in Sources */ = {isa = PBXBuildFile; fileRef = 95C4010D256A5D6700EDB089 /* UIView.swift */; };
		95C40117256A6E2B00EDB089 /* WalkDetailsModel.swift in Sources */ = {isa = PBXBuildFile; fileRef = 95C40116256A6E2B00EDB089 /* WalkDetailsModel.swift */; };
		95C4011F256A944100EDB089 /* WalkSummaryTableViewCell.swift in Sources */ = {isa = PBXBuildFile; fileRef = 95C4011E256A944100EDB089 /* WalkSummaryTableViewCell.swift */; };
		95C40124256A944B00EDB089 /* WalkSummaryTableViewCell.xib in Resources */ = {isa = PBXBuildFile; fileRef = 95C40123256A944B00EDB089 /* WalkSummaryTableViewCell.xib */; };
		95C40129256A99D200EDB089 /* WalkSummaryHeader.xib in Resources */ = {isa = PBXBuildFile; fileRef = 95C40128256A99D200EDB089 /* WalkSummaryHeader.xib */; };
		95C4012E256A99DC00EDB089 /* WalkSummaryHeader.swift in Sources */ = {isa = PBXBuildFile; fileRef = 95C4012D256A99DC00EDB089 /* WalkSummaryHeader.swift */; };
		95C40136256AA7E400EDB089 /* Notifications.swift in Sources */ = {isa = PBXBuildFile; fileRef = 95C40135256AA7E400EDB089 /* Notifications.swift */; };
		A53D8302F491FD17CD605165 /* Pods_OneStepDemo.framework in Frameworks */ = {isa = PBXBuildFile; fileRef = C2ABBB3509CFCF205CE7BF24 /* Pods_OneStepDemo.framework */; };
		FF185527A1DE3D97FC8A3C90 /* Pods_OneStepDemo_OneStepDemoUITests.framework in Frameworks */ = {isa = PBXBuildFile; fileRef = F1C7FA422386E114FFE2A397 /* Pods_OneStepDemo_OneStepDemoUITests.framework */; };
/* End PBXBuildFile section */

/* Begin PBXContainerItemProxy section */
		95C4009B256A524200EDB089 /* PBXContainerItemProxy */ = {
			isa = PBXContainerItemProxy;
			containerPortal = 95C4007C256A524100EDB089 /* Project object */;
			proxyType = 1;
			remoteGlobalIDString = 95C40083256A524100EDB089;
			remoteInfo = OneStepDemo;
		};
		95C400A6256A524200EDB089 /* PBXContainerItemProxy */ = {
			isa = PBXContainerItemProxy;
			containerPortal = 95C4007C256A524100EDB089 /* Project object */;
			proxyType = 1;
			remoteGlobalIDString = 95C40083256A524100EDB089;
			remoteInfo = OneStepDemo;
		};
/* End PBXContainerItemProxy section */

/* Begin PBXFileReference section */
		0E6FFB83DE7071E95EA889E9 /* Pods_OneStepDemoTests.framework */ = {isa = PBXFileReference; explicitFileType = wrapper.framework; includeInIndex = 0; path = Pods_OneStepDemoTests.framework; sourceTree = BUILT_PRODUCTS_DIR; };
		60E8E1867419F8109801D3DA /* Pods-OneStepDemo-OneStepDemoUITests.release.xcconfig */ = {isa = PBXFileReference; includeInIndex = 1; lastKnownFileType = text.xcconfig; name = "Pods-OneStepDemo-OneStepDemoUITests.release.xcconfig"; path = "Target Support Files/Pods-OneStepDemo-OneStepDemoUITests/Pods-OneStepDemo-OneStepDemoUITests.release.xcconfig"; sourceTree = "<group>"; };
		6EFE1F9F96684D3157FD0EAA /* Pods-OneStepDemo.debug.xcconfig */ = {isa = PBXFileReference; includeInIndex = 1; lastKnownFileType = text.xcconfig; name = "Pods-OneStepDemo.debug.xcconfig"; path = "Target Support Files/Pods-OneStepDemo/Pods-OneStepDemo.debug.xcconfig"; sourceTree = "<group>"; };
		95C40084256A524100EDB089 /* OneStepDemo.app */ = {isa = PBXFileReference; explicitFileType = wrapper.application; includeInIndex = 0; path = OneStepDemo.app; sourceTree = BUILT_PRODUCTS_DIR; };
		95C40087256A524100EDB089 /* AppDelegate.swift */ = {isa = PBXFileReference; lastKnownFileType = sourcecode.swift; path = AppDelegate.swift; sourceTree = "<group>"; };
		95C4008B256A524100EDB089 /* MainViewController.swift */ = {isa = PBXFileReference; lastKnownFileType = sourcecode.swift; path = MainViewController.swift; sourceTree = "<group>"; };
		95C4008E256A524100EDB089 /* Base */ = {isa = PBXFileReference; lastKnownFileType = file.storyboard; name = Base; path = Base.lproj/Main.storyboard; sourceTree = "<group>"; };
		95C40090256A524200EDB089 /* Assets.xcassets */ = {isa = PBXFileReference; lastKnownFileType = folder.assetcatalog; path = Assets.xcassets; sourceTree = "<group>"; };
		95C40093256A524200EDB089 /* Base */ = {isa = PBXFileReference; lastKnownFileType = file.storyboard; name = Base; path = Base.lproj/LaunchScreen.storyboard; sourceTree = "<group>"; };
		95C40095256A524200EDB089 /* Info.plist */ = {isa = PBXFileReference; lastKnownFileType = text.plist.xml; path = Info.plist; sourceTree = "<group>"; };
		95C4009A256A524200EDB089 /* OneStepDemoTests.xctest */ = {isa = PBXFileReference; explicitFileType = wrapper.cfbundle; includeInIndex = 0; path = OneStepDemoTests.xctest; sourceTree = BUILT_PRODUCTS_DIR; };
		95C4009E256A524200EDB089 /* OneStepDemoTests.swift */ = {isa = PBXFileReference; lastKnownFileType = sourcecode.swift; path = OneStepDemoTests.swift; sourceTree = "<group>"; };
		95C400A0256A524200EDB089 /* Info.plist */ = {isa = PBXFileReference; lastKnownFileType = text.plist.xml; path = Info.plist; sourceTree = "<group>"; };
		95C400A5256A524200EDB089 /* OneStepDemoUITests.xctest */ = {isa = PBXFileReference; explicitFileType = wrapper.cfbundle; includeInIndex = 0; path = OneStepDemoUITests.xctest; sourceTree = BUILT_PRODUCTS_DIR; };
		95C400A9256A524200EDB089 /* OneStepDemoUITests.swift */ = {isa = PBXFileReference; lastKnownFileType = sourcecode.swift; path = OneStepDemoUITests.swift; sourceTree = "<group>"; };
		95C400AB256A524200EDB089 /* Info.plist */ = {isa = PBXFileReference; lastKnownFileType = text.plist.xml; path = Info.plist; sourceTree = "<group>"; };
		95C400C7256A544F00EDB089 /* GlobalKeys.swift */ = {isa = PBXFileReference; lastKnownFileType = sourcecode.swift; path = GlobalKeys.swift; sourceTree = "<group>"; };
		95C400CD256A557600EDB089 /* WalkDetailsResponse.swift */ = {isa = PBXFileReference; lastKnownFileType = sourcecode.swift; path = WalkDetailsResponse.swift; sourceTree = "<group>"; };
		95C400D6256A581E00EDB089 /* NetworkUtils.swift */ = {isa = PBXFileReference; lastKnownFileType = sourcecode.swift; path = NetworkUtils.swift; sourceTree = "<group>"; };
		95C400DF256A5A5100EDB089 /* SimpleCard.swift */ = {isa = PBXFileReference; lastKnownFileType = sourcecode.swift; path = SimpleCard.swift; sourceTree = "<group>"; };
		95C400E4256A5A5E00EDB089 /* InsightCard.swift */ = {isa = PBXFileReference; lastKnownFileType = sourcecode.swift; path = InsightCard.swift; sourceTree = "<group>"; };
		95C400E9256A5A6A00EDB089 /* InsightCard.xib */ = {isa = PBXFileReference; lastKnownFileType = file.xib; path = InsightCard.xib; sourceTree = "<group>"; };
		95C400EE256A5A7400EDB089 /* SimpleCard.xib */ = {isa = PBXFileReference; lastKnownFileType = file.xib; path = SimpleCard.xib; sourceTree = "<group>"; };
		95C400F6256A5CBD00EDB089 /* GradientProgressBarComponent.xib */ = {isa = PBXFileReference; lastKnownFileType = file.xib; path = GradientProgressBarComponent.xib; sourceTree = "<group>"; };
		95C400FB256A5CC800EDB089 /* GradientProgressbarComponent.swift */ = {isa = PBXFileReference; lastKnownFileType = sourcecode.swift; path = GradientProgressbarComponent.swift; sourceTree = "<group>"; };
		95C4010D256A5D6700EDB089 /* UIView.swift */ = {isa = PBXFileReference; lastKnownFileType = sourcecode.swift; path = UIView.swift; sourceTree = "<group>"; };
		95C40116256A6E2B00EDB089 /* WalkDetailsModel.swift */ = {isa = PBXFileReference; lastKnownFileType = sourcecode.swift; path = WalkDetailsModel.swift; sourceTree = "<group>"; };
		95C4011E256A944100EDB089 /* WalkSummaryTableViewCell.swift */ = {isa = PBXFileReference; lastKnownFileType = sourcecode.swift; path = WalkSummaryTableViewCell.swift; sourceTree = "<group>"; };
		95C40123256A944B00EDB089 /* WalkSummaryTableViewCell.xib */ = {isa = PBXFileReference; lastKnownFileType = file.xib; path = WalkSummaryTableViewCell.xib; sourceTree = "<group>"; };
		95C40128256A99D200EDB089 /* WalkSummaryHeader.xib */ = {isa = PBXFileReference; lastKnownFileType = file.xib; path = WalkSummaryHeader.xib; sourceTree = "<group>"; };
		95C4012D256A99DC00EDB089 /* WalkSummaryHeader.swift */ = {isa = PBXFileReference; lastKnownFileType = sourcecode.swift; path = WalkSummaryHeader.swift; sourceTree = "<group>"; };
		95C40135256AA7E400EDB089 /* Notifications.swift */ = {isa = PBXFileReference; lastKnownFileType = sourcecode.swift; path = Notifications.swift; sourceTree = "<group>"; };
		A9CC54BA7741B6DC3562DECC /* Pods-OneStepDemoTests.release.xcconfig */ = {isa = PBXFileReference; includeInIndex = 1; lastKnownFileType = text.xcconfig; name = "Pods-OneStepDemoTests.release.xcconfig"; path = "Target Support Files/Pods-OneStepDemoTests/Pods-OneStepDemoTests.release.xcconfig"; sourceTree = "<group>"; };
		A9FFA63FDDC1E94A2B5DBC26 /* Pods-OneStepDemoTests.debug.xcconfig */ = {isa = PBXFileReference; includeInIndex = 1; lastKnownFileType = text.xcconfig; name = "Pods-OneStepDemoTests.debug.xcconfig"; path = "Target Support Files/Pods-OneStepDemoTests/Pods-OneStepDemoTests.debug.xcconfig"; sourceTree = "<group>"; };
		C2ABBB3509CFCF205CE7BF24 /* Pods_OneStepDemo.framework */ = {isa = PBXFileReference; explicitFileType = wrapper.framework; includeInIndex = 0; path = Pods_OneStepDemo.framework; sourceTree = BUILT_PRODUCTS_DIR; };
		CBBAF9EFFB846DB44668B7B1 /* Pods-OneStepDemo.release.xcconfig */ = {isa = PBXFileReference; includeInIndex = 1; lastKnownFileType = text.xcconfig; name = "Pods-OneStepDemo.release.xcconfig"; path = "Target Support Files/Pods-OneStepDemo/Pods-OneStepDemo.release.xcconfig"; sourceTree = "<group>"; };
		F1C7FA422386E114FFE2A397 /* Pods_OneStepDemo_OneStepDemoUITests.framework */ = {isa = PBXFileReference; explicitFileType = wrapper.framework; includeInIndex = 0; path = Pods_OneStepDemo_OneStepDemoUITests.framework; sourceTree = BUILT_PRODUCTS_DIR; };
		F7637CC61C71733A3D756596 /* Pods-OneStepDemo-OneStepDemoUITests.debug.xcconfig */ = {isa = PBXFileReference; includeInIndex = 1; lastKnownFileType = text.xcconfig; name = "Pods-OneStepDemo-OneStepDemoUITests.debug.xcconfig"; path = "Target Support Files/Pods-OneStepDemo-OneStepDemoUITests/Pods-OneStepDemo-OneStepDemoUITests.debug.xcconfig"; sourceTree = "<group>"; };
/* End PBXFileReference section */

/* Begin PBXFrameworksBuildPhase section */
		95C40081256A524100EDB089 /* Frameworks */ = {
			isa = PBXFrameworksBuildPhase;
			buildActionMask = 2147483647;
			files = (
				A53D8302F491FD17CD605165 /* Pods_OneStepDemo.framework in Frameworks */,
			);
			runOnlyForDeploymentPostprocessing = 0;
		};
		95C40097256A524200EDB089 /* Frameworks */ = {
			isa = PBXFrameworksBuildPhase;
			buildActionMask = 2147483647;
			files = (
				2B5FD5CF972528DEC413CA87 /* Pods_OneStepDemoTests.framework in Frameworks */,
			);
			runOnlyForDeploymentPostprocessing = 0;
		};
		95C400A2256A524200EDB089 /* Frameworks */ = {
			isa = PBXFrameworksBuildPhase;
			buildActionMask = 2147483647;
			files = (
				FF185527A1DE3D97FC8A3C90 /* Pods_OneStepDemo_OneStepDemoUITests.framework in Frameworks */,
			);
			runOnlyForDeploymentPostprocessing = 0;
		};
/* End PBXFrameworksBuildPhase section */

/* Begin PBXGroup section */
		406B59FF97BED25AD4BE101B /* Pods */ = {
			isa = PBXGroup;
			children = (
				6EFE1F9F96684D3157FD0EAA /* Pods-OneStepDemo.debug.xcconfig */,
				CBBAF9EFFB846DB44668B7B1 /* Pods-OneStepDemo.release.xcconfig */,
				F7637CC61C71733A3D756596 /* Pods-OneStepDemo-OneStepDemoUITests.debug.xcconfig */,
				60E8E1867419F8109801D3DA /* Pods-OneStepDemo-OneStepDemoUITests.release.xcconfig */,
				A9FFA63FDDC1E94A2B5DBC26 /* Pods-OneStepDemoTests.debug.xcconfig */,
				A9CC54BA7741B6DC3562DECC /* Pods-OneStepDemoTests.release.xcconfig */,
			);
			path = Pods;
			sourceTree = "<group>";
		};
		95C4007B256A524100EDB089 = {
			isa = PBXGroup;
			children = (
				95C40086256A524100EDB089 /* OneStepDemo */,
				95C4009D256A524200EDB089 /* OneStepDemoTests */,
				95C400A8256A524200EDB089 /* OneStepDemoUITests */,
				95C40085256A524100EDB089 /* Products */,
				406B59FF97BED25AD4BE101B /* Pods */,
				A348F3D323F38C4B724070A1 /* Frameworks */,
			);
			sourceTree = "<group>";
		};
		95C40085256A524100EDB089 /* Products */ = {
			isa = PBXGroup;
			children = (
				95C40084256A524100EDB089 /* OneStepDemo.app */,
				95C4009A256A524200EDB089 /* OneStepDemoTests.xctest */,
				95C400A5256A524200EDB089 /* OneStepDemoUITests.xctest */,
			);
			name = Products;
			sourceTree = "<group>";
		};
		95C40086256A524100EDB089 /* OneStepDemo */ = {
			isa = PBXGroup;
			children = (
				95C4010C256A5D5C00EDB089 /* Extensions */,
				95C400DE256A5A4000EDB089 /* MainViewCells */,
				95C400D5256A580E00EDB089 /* Utils */,
				95C400CC256A555300EDB089 /* NetworkModels */,
				95C40087256A524100EDB089 /* AppDelegate.swift */,
				95C4008B256A524100EDB089 /* MainViewController.swift */,
				95C4008D256A524100EDB089 /* Main.storyboard */,
				95C40090256A524200EDB089 /* Assets.xcassets */,
				95C40092256A524200EDB089 /* LaunchScreen.storyboard */,
				95C40095256A524200EDB089 /* Info.plist */,
			);
			path = OneStepDemo;
			sourceTree = "<group>";
		};
		95C4009D256A524200EDB089 /* OneStepDemoTests */ = {
			isa = PBXGroup;
			children = (
				95C4009E256A524200EDB089 /* OneStepDemoTests.swift */,
				95C400A0256A524200EDB089 /* Info.plist */,
			);
			path = OneStepDemoTests;
			sourceTree = "<group>";
		};
		95C400A8256A524200EDB089 /* OneStepDemoUITests */ = {
			isa = PBXGroup;
			children = (
				95C400A9256A524200EDB089 /* OneStepDemoUITests.swift */,
				95C400AB256A524200EDB089 /* Info.plist */,
			);
			path = OneStepDemoUITests;
			sourceTree = "<group>";
		};
		95C400CC256A555300EDB089 /* NetworkModels */ = {
			isa = PBXGroup;
			children = (
				95C400CD256A557600EDB089 /* WalkDetailsResponse.swift */,
				95C40116256A6E2B00EDB089 /* WalkDetailsModel.swift */,
			);
			path = NetworkModels;
			sourceTree = "<group>";
		};
		95C400D5256A580E00EDB089 /* Utils */ = {
			isa = PBXGroup;
			children = (
				95C400C7256A544F00EDB089 /* GlobalKeys.swift */,
				95C400D6256A581E00EDB089 /* NetworkUtils.swift */,
			);
			path = Utils;
			sourceTree = "<group>";
		};
		95C400DE256A5A4000EDB089 /* MainViewCells */ = {
			isa = PBXGroup;
			children = (
				95C400DF256A5A5100EDB089 /* SimpleCard.swift */,
				95C400EE256A5A7400EDB089 /* SimpleCard.xib */,
				95C400E4256A5A5E00EDB089 /* InsightCard.swift */,
				95C400E9256A5A6A00EDB089 /* InsightCard.xib */,
				95C400FB256A5CC800EDB089 /* GradientProgressbarComponent.swift */,
				95C400F6256A5CBD00EDB089 /* GradientProgressBarComponent.xib */,
				95C4011E256A944100EDB089 /* WalkSummaryTableViewCell.swift */,
				95C40123256A944B00EDB089 /* WalkSummaryTableViewCell.xib */,
				95C40128256A99D200EDB089 /* WalkSummaryHeader.xib */,
				95C4012D256A99DC00EDB089 /* WalkSummaryHeader.swift */,
			);
			path = MainViewCells;
			sourceTree = "<group>";
		};
		95C4010C256A5D5C00EDB089 /* Extensions */ = {
			isa = PBXGroup;
			children = (
				95C4010D256A5D6700EDB089 /* UIView.swift */,
				95C40135256AA7E400EDB089 /* Notifications.swift */,
			);
			path = Extensions;
			sourceTree = "<group>";
		};
		A348F3D323F38C4B724070A1 /* Frameworks */ = {
			isa = PBXGroup;
			children = (
				C2ABBB3509CFCF205CE7BF24 /* Pods_OneStepDemo.framework */,
				F1C7FA422386E114FFE2A397 /* Pods_OneStepDemo_OneStepDemoUITests.framework */,
				0E6FFB83DE7071E95EA889E9 /* Pods_OneStepDemoTests.framework */,
			);
			name = Frameworks;
			sourceTree = "<group>";
		};
/* End PBXGroup section */

/* Begin PBXNativeTarget section */
		95C40083256A524100EDB089 /* OneStepDemo */ = {
			isa = PBXNativeTarget;
			buildConfigurationList = 95C400AE256A524200EDB089 /* Build configuration list for PBXNativeTarget "OneStepDemo" */;
			buildPhases = (
				51138C06EAB8446BF0C347B8 /* [CP] Check Pods Manifest.lock */,
				95C40080256A524100EDB089 /* Sources */,
				95C40081256A524100EDB089 /* Frameworks */,
				95C40082256A524100EDB089 /* Resources */,
				DBBE4F0642E28242CE3CE9B8 /* [CP] Embed Pods Frameworks */,
			);
			buildRules = (
			);
			dependencies = (
			);
			name = OneStepDemo;
			productName = OneStepDemo;
			productReference = 95C40084256A524100EDB089 /* OneStepDemo.app */;
			productType = "com.apple.product-type.application";
		};
		95C40099256A524200EDB089 /* OneStepDemoTests */ = {
			isa = PBXNativeTarget;
			buildConfigurationList = 95C400B1256A524200EDB089 /* Build configuration list for PBXNativeTarget "OneStepDemoTests" */;
			buildPhases = (
				5F3CCDB4BF1BEC9511B6EDF6 /* [CP] Check Pods Manifest.lock */,
				95C40096256A524200EDB089 /* Sources */,
				95C40097256A524200EDB089 /* Frameworks */,
				95C40098256A524200EDB089 /* Resources */,
			);
			buildRules = (
			);
			dependencies = (
				95C4009C256A524200EDB089 /* PBXTargetDependency */,
			);
			name = OneStepDemoTests;
			productName = OneStepDemoTests;
			productReference = 95C4009A256A524200EDB089 /* OneStepDemoTests.xctest */;
			productType = "com.apple.product-type.bundle.unit-test";
		};
		95C400A4256A524200EDB089 /* OneStepDemoUITests */ = {
			isa = PBXNativeTarget;
			buildConfigurationList = 95C400B4256A524200EDB089 /* Build configuration list for PBXNativeTarget "OneStepDemoUITests" */;
			buildPhases = (
				9412FBF2F53F44D672A1DD72 /* [CP] Check Pods Manifest.lock */,
				95C400A1256A524200EDB089 /* Sources */,
				95C400A2256A524200EDB089 /* Frameworks */,
				95C400A3256A524200EDB089 /* Resources */,
				D663867A0D8C65D43B3B3C78 /* [CP] Embed Pods Frameworks */,
			);
			buildRules = (
			);
			dependencies = (
				95C400A7256A524200EDB089 /* PBXTargetDependency */,
			);
			name = OneStepDemoUITests;
			productName = OneStepDemoUITests;
			productReference = 95C400A5256A524200EDB089 /* OneStepDemoUITests.xctest */;
			productType = "com.apple.product-type.bundle.ui-testing";
		};
/* End PBXNativeTarget section */

/* Begin PBXProject section */
		95C4007C256A524100EDB089 /* Project object */ = {
			isa = PBXProject;
			attributes = {
				LastSwiftUpdateCheck = 1210;
				LastUpgradeCheck = 1210;
				TargetAttributes = {
					95C40083256A524100EDB089 = {
						CreatedOnToolsVersion = 12.1;
					};
					95C40099256A524200EDB089 = {
						CreatedOnToolsVersion = 12.1;
						TestTargetID = 95C40083256A524100EDB089;
					};
					95C400A4256A524200EDB089 = {
						CreatedOnToolsVersion = 12.1;
						TestTargetID = 95C40083256A524100EDB089;
					};
				};
			};
			buildConfigurationList = 95C4007F256A524100EDB089 /* Build configuration list for PBXProject "OneStepDemo" */;
			compatibilityVersion = "Xcode 9.3";
			developmentRegion = en;
			hasScannedForEncodings = 0;
			knownRegions = (
				en,
				Base,
			);
			mainGroup = 95C4007B256A524100EDB089;
			productRefGroup = 95C40085256A524100EDB089 /* Products */;
			projectDirPath = "";
			projectRoot = "";
			targets = (
				95C40083256A524100EDB089 /* OneStepDemo */,
				95C40099256A524200EDB089 /* OneStepDemoTests */,
				95C400A4256A524200EDB089 /* OneStepDemoUITests */,
			);
		};
/* End PBXProject section */

/* Begin PBXResourcesBuildPhase section */
		95C40082256A524100EDB089 /* Resources */ = {
			isa = PBXResourcesBuildPhase;
			buildActionMask = 2147483647;
			files = (
				95C400EA256A5A6A00EDB089 /* InsightCard.xib in Resources */,
				95C40094256A524200EDB089 /* LaunchScreen.storyboard in Resources */,
				95C40124256A944B00EDB089 /* WalkSummaryTableViewCell.xib in Resources */,
				95C400F7256A5CBD00EDB089 /* GradientProgressBarComponent.xib in Resources */,
				95C40129256A99D200EDB089 /* WalkSummaryHeader.xib in Resources */,
				95C400EF256A5A7400EDB089 /* SimpleCard.xib in Resources */,
				95C40091256A524200EDB089 /* Assets.xcassets in Resources */,
				95C4008F256A524100EDB089 /* Main.storyboard in Resources */,
			);
			runOnlyForDeploymentPostprocessing = 0;
		};
		95C40098256A524200EDB089 /* Resources */ = {
			isa = PBXResourcesBuildPhase;
			buildActionMask = 2147483647;
			files = (
			);
			runOnlyForDeploymentPostprocessing = 0;
		};
		95C400A3256A524200EDB089 /* Resources */ = {
			isa = PBXResourcesBuildPhase;
			buildActionMask = 2147483647;
			files = (
			);
			runOnlyForDeploymentPostprocessing = 0;
		};
/* End PBXResourcesBuildPhase section */

/* Begin PBXShellScriptBuildPhase section */
		51138C06EAB8446BF0C347B8 /* [CP] Check Pods Manifest.lock */ = {
			isa = PBXShellScriptBuildPhase;
			buildActionMask = 2147483647;
			files = (
			);
			inputFileListPaths = (
			);
			inputPaths = (
				"${PODS_PODFILE_DIR_PATH}/Podfile.lock",
				"${PODS_ROOT}/Manifest.lock",
			);
			name = "[CP] Check Pods Manifest.lock";
			outputFileListPaths = (
			);
			outputPaths = (
				"$(DERIVED_FILE_DIR)/Pods-OneStepDemo-checkManifestLockResult.txt",
			);
			runOnlyForDeploymentPostprocessing = 0;
			shellPath = /bin/sh;
			shellScript = "diff \"${PODS_PODFILE_DIR_PATH}/Podfile.lock\" \"${PODS_ROOT}/Manifest.lock\" > /dev/null\nif [ $? != 0 ] ; then\n    # print error to STDERR\n    echo \"error: The sandbox is not in sync with the Podfile.lock. Run 'pod install' or update your CocoaPods installation.\" >&2\n    exit 1\nfi\n# This output is used by Xcode 'outputs' to avoid re-running this script phase.\necho \"SUCCESS\" > \"${SCRIPT_OUTPUT_FILE_0}\"\n";
			showEnvVarsInLog = 0;
		};
		5F3CCDB4BF1BEC9511B6EDF6 /* [CP] Check Pods Manifest.lock */ = {
			isa = PBXShellScriptBuildPhase;
			buildActionMask = 2147483647;
			files = (
			);
			inputFileListPaths = (
			);
			inputPaths = (
				"${PODS_PODFILE_DIR_PATH}/Podfile.lock",
				"${PODS_ROOT}/Manifest.lock",
			);
			name = "[CP] Check Pods Manifest.lock";
			outputFileListPaths = (
			);
			outputPaths = (
				"$(DERIVED_FILE_DIR)/Pods-OneStepDemoTests-checkManifestLockResult.txt",
			);
			runOnlyForDeploymentPostprocessing = 0;
			shellPath = /bin/sh;
			shellScript = "diff \"${PODS_PODFILE_DIR_PATH}/Podfile.lock\" \"${PODS_ROOT}/Manifest.lock\" > /dev/null\nif [ $? != 0 ] ; then\n    # print error to STDERR\n    echo \"error: The sandbox is not in sync with the Podfile.lock. Run 'pod install' or update your CocoaPods installation.\" >&2\n    exit 1\nfi\n# This output is used by Xcode 'outputs' to avoid re-running this script phase.\necho \"SUCCESS\" > \"${SCRIPT_OUTPUT_FILE_0}\"\n";
			showEnvVarsInLog = 0;
		};
		9412FBF2F53F44D672A1DD72 /* [CP] Check Pods Manifest.lock */ = {
			isa = PBXShellScriptBuildPhase;
			buildActionMask = 2147483647;
			files = (
			);
			inputFileListPaths = (
			);
			inputPaths = (
				"${PODS_PODFILE_DIR_PATH}/Podfile.lock",
				"${PODS_ROOT}/Manifest.lock",
			);
			name = "[CP] Check Pods Manifest.lock";
			outputFileListPaths = (
			);
			outputPaths = (
				"$(DERIVED_FILE_DIR)/Pods-OneStepDemo-OneStepDemoUITests-checkManifestLockResult.txt",
			);
			runOnlyForDeploymentPostprocessing = 0;
			shellPath = /bin/sh;
			shellScript = "diff \"${PODS_PODFILE_DIR_PATH}/Podfile.lock\" \"${PODS_ROOT}/Manifest.lock\" > /dev/null\nif [ $? != 0 ] ; then\n    # print error to STDERR\n    echo \"error: The sandbox is not in sync with the Podfile.lock. Run 'pod install' or update your CocoaPods installation.\" >&2\n    exit 1\nfi\n# This output is used by Xcode 'outputs' to avoid re-running this script phase.\necho \"SUCCESS\" > \"${SCRIPT_OUTPUT_FILE_0}\"\n";
			showEnvVarsInLog = 0;
		};
		D663867A0D8C65D43B3B3C78 /* [CP] Embed Pods Frameworks */ = {
			isa = PBXShellScriptBuildPhase;
			buildActionMask = 2147483647;
			files = (
			);
			inputFileListPaths = (
				"${PODS_ROOT}/Target Support Files/Pods-OneStepDemo-OneStepDemoUITests/Pods-OneStepDemo-OneStepDemoUITests-frameworks-${CONFIGURATION}-input-files.xcfilelist",
			);
			name = "[CP] Embed Pods Frameworks";
			outputFileListPaths = (
				"${PODS_ROOT}/Target Support Files/Pods-OneStepDemo-OneStepDemoUITests/Pods-OneStepDemo-OneStepDemoUITests-frameworks-${CONFIGURATION}-output-files.xcfilelist",
			);
			runOnlyForDeploymentPostprocessing = 0;
			shellPath = /bin/sh;
			shellScript = "\"${PODS_ROOT}/Target Support Files/Pods-OneStepDemo-OneStepDemoUITests/Pods-OneStepDemo-OneStepDemoUITests-frameworks.sh\"\n";
			showEnvVarsInLog = 0;
		};
		DBBE4F0642E28242CE3CE9B8 /* [CP] Embed Pods Frameworks */ = {
			isa = PBXShellScriptBuildPhase;
			buildActionMask = 2147483647;
			files = (
			);
			inputFileListPaths = (
				"${PODS_ROOT}/Target Support Files/Pods-OneStepDemo/Pods-OneStepDemo-frameworks-${CONFIGURATION}-input-files.xcfilelist",
			);
			name = "[CP] Embed Pods Frameworks";
			outputFileListPaths = (
				"${PODS_ROOT}/Target Support Files/Pods-OneStepDemo/Pods-OneStepDemo-frameworks-${CONFIGURATION}-output-files.xcfilelist",
			);
			runOnlyForDeploymentPostprocessing = 0;
			shellPath = /bin/sh;
			shellScript = "\"${PODS_ROOT}/Target Support Files/Pods-OneStepDemo/Pods-OneStepDemo-frameworks.sh\"\n";
			showEnvVarsInLog = 0;
		};
/* End PBXShellScriptBuildPhase section */

/* Begin PBXSourcesBuildPhase section */
		95C40080256A524100EDB089 /* Sources */ = {
			isa = PBXSourcesBuildPhase;
			buildActionMask = 2147483647;
			files = (
				95C4012E256A99DC00EDB089 /* WalkSummaryHeader.swift in Sources */,
				95C400FC256A5CC800EDB089 /* GradientProgressbarComponent.swift in Sources */,
				95C400CE256A557600EDB089 /* WalkDetailsResponse.swift in Sources */,
				95C4008C256A524100EDB089 /* MainViewController.swift in Sources */,
				95C400D7256A581E00EDB089 /* NetworkUtils.swift in Sources */,
				95C40136256AA7E400EDB089 /* Notifications.swift in Sources */,
				95C400E0256A5A5100EDB089 /* SimpleCard.swift in Sources */,
				95C40088256A524100EDB089 /* AppDelegate.swift in Sources */,
				95C400E5256A5A5E00EDB089 /* InsightCard.swift in Sources */,
				95C4011F256A944100EDB089 /* WalkSummaryTableViewCell.swift in Sources */,
				95C40117256A6E2B00EDB089 /* WalkDetailsModel.swift in Sources */,
				95C4010E256A5D6700EDB089 /* UIView.swift in Sources */,
				95C400C8256A544F00EDB089 /* GlobalKeys.swift in Sources */,
			);
			runOnlyForDeploymentPostprocessing = 0;
		};
		95C40096256A524200EDB089 /* Sources */ = {
			isa = PBXSourcesBuildPhase;
			buildActionMask = 2147483647;
			files = (
				95C4009F256A524200EDB089 /* OneStepDemoTests.swift in Sources */,
			);
			runOnlyForDeploymentPostprocessing = 0;
		};
		95C400A1256A524200EDB089 /* Sources */ = {
			isa = PBXSourcesBuildPhase;
			buildActionMask = 2147483647;
			files = (
				95C400AA256A524200EDB089 /* OneStepDemoUITests.swift in Sources */,
			);
			runOnlyForDeploymentPostprocessing = 0;
		};
/* End PBXSourcesBuildPhase section */

/* Begin PBXTargetDependency section */
		95C4009C256A524200EDB089 /* PBXTargetDependency */ = {
			isa = PBXTargetDependency;
			target = 95C40083256A524100EDB089 /* OneStepDemo */;
			targetProxy = 95C4009B256A524200EDB089 /* PBXContainerItemProxy */;
		};
		95C400A7256A524200EDB089 /* PBXTargetDependency */ = {
			isa = PBXTargetDependency;
			target = 95C40083256A524100EDB089 /* OneStepDemo */;
			targetProxy = 95C400A6256A524200EDB089 /* PBXContainerItemProxy */;
		};
/* End PBXTargetDependency section */

/* Begin PBXVariantGroup section */
		95C4008D256A524100EDB089 /* Main.storyboard */ = {
			isa = PBXVariantGroup;
			children = (
				95C4008E256A524100EDB089 /* Base */,
			);
			name = Main.storyboard;
			sourceTree = "<group>";
		};
		95C40092256A524200EDB089 /* LaunchScreen.storyboard */ = {
			isa = PBXVariantGroup;
			children = (
				95C40093256A524200EDB089 /* Base */,
			);
			name = LaunchScreen.storyboard;
			sourceTree = "<group>";
		};
/* End PBXVariantGroup section */

/* Begin XCBuildConfiguration section */
		95C400AC256A524200EDB089 /* Debug */ = {
			isa = XCBuildConfiguration;
			buildSettings = {
				ALWAYS_SEARCH_USER_PATHS = NO;
				CLANG_ANALYZER_NONNULL = YES;
				CLANG_ANALYZER_NUMBER_OBJECT_CONVERSION = YES_AGGRESSIVE;
				CLANG_CXX_LANGUAGE_STANDARD = "gnu++14";
				CLANG_CXX_LIBRARY = "libc++";
				CLANG_ENABLE_MODULES = YES;
				CLANG_ENABLE_OBJC_ARC = YES;
				CLANG_ENABLE_OBJC_WEAK = YES;
				CLANG_WARN_BLOCK_CAPTURE_AUTORELEASING = YES;
				CLANG_WARN_BOOL_CONVERSION = YES;
				CLANG_WARN_COMMA = YES;
				CLANG_WARN_CONSTANT_CONVERSION = YES;
				CLANG_WARN_DEPRECATED_OBJC_IMPLEMENTATIONS = YES;
				CLANG_WARN_DIRECT_OBJC_ISA_USAGE = YES_ERROR;
				CLANG_WARN_DOCUMENTATION_COMMENTS = YES;
				CLANG_WARN_EMPTY_BODY = YES;
				CLANG_WARN_ENUM_CONVERSION = YES;
				CLANG_WARN_INFINITE_RECURSION = YES;
				CLANG_WARN_INT_CONVERSION = YES;
				CLANG_WARN_NON_LITERAL_NULL_CONVERSION = YES;
				CLANG_WARN_OBJC_IMPLICIT_RETAIN_SELF = YES;
				CLANG_WARN_OBJC_LITERAL_CONVERSION = YES;
				CLANG_WARN_OBJC_ROOT_CLASS = YES_ERROR;
				CLANG_WARN_QUOTED_INCLUDE_IN_FRAMEWORK_HEADER = YES;
				CLANG_WARN_RANGE_LOOP_ANALYSIS = YES;
				CLANG_WARN_STRICT_PROTOTYPES = YES;
				CLANG_WARN_SUSPICIOUS_MOVE = YES;
				CLANG_WARN_UNGUARDED_AVAILABILITY = YES_AGGRESSIVE;
				CLANG_WARN_UNREACHABLE_CODE = YES;
				CLANG_WARN__DUPLICATE_METHOD_MATCH = YES;
				COPY_PHASE_STRIP = NO;
				DEBUG_INFORMATION_FORMAT = dwarf;
				ENABLE_STRICT_OBJC_MSGSEND = YES;
				ENABLE_TESTABILITY = YES;
				GCC_C_LANGUAGE_STANDARD = gnu11;
				GCC_DYNAMIC_NO_PIC = NO;
				GCC_NO_COMMON_BLOCKS = YES;
				GCC_OPTIMIZATION_LEVEL = 0;
				GCC_PREPROCESSOR_DEFINITIONS = (
					"DEBUG=1",
					"$(inherited)",
				);
				GCC_WARN_64_TO_32_BIT_CONVERSION = YES;
				GCC_WARN_ABOUT_RETURN_TYPE = YES_ERROR;
				GCC_WARN_UNDECLARED_SELECTOR = YES;
				GCC_WARN_UNINITIALIZED_AUTOS = YES_AGGRESSIVE;
				GCC_WARN_UNUSED_FUNCTION = YES;
				GCC_WARN_UNUSED_VARIABLE = YES;
				IPHONEOS_DEPLOYMENT_TARGET = 14.1;
				MTL_ENABLE_DEBUG_INFO = INCLUDE_SOURCE;
				MTL_FAST_MATH = YES;
				ONLY_ACTIVE_ARCH = YES;
				SDKROOT = iphoneos;
				SWIFT_ACTIVE_COMPILATION_CONDITIONS = DEBUG;
				SWIFT_OPTIMIZATION_LEVEL = "-Onone";
			};
			name = Debug;
		};
		95C400AD256A524200EDB089 /* Release */ = {
			isa = XCBuildConfiguration;
			buildSettings = {
				ALWAYS_SEARCH_USER_PATHS = NO;
				CLANG_ANALYZER_NONNULL = YES;
				CLANG_ANALYZER_NUMBER_OBJECT_CONVERSION = YES_AGGRESSIVE;
				CLANG_CXX_LANGUAGE_STANDARD = "gnu++14";
				CLANG_CXX_LIBRARY = "libc++";
				CLANG_ENABLE_MODULES = YES;
				CLANG_ENABLE_OBJC_ARC = YES;
				CLANG_ENABLE_OBJC_WEAK = YES;
				CLANG_WARN_BLOCK_CAPTURE_AUTORELEASING = YES;
				CLANG_WARN_BOOL_CONVERSION = YES;
				CLANG_WARN_COMMA = YES;
				CLANG_WARN_CONSTANT_CONVERSION = YES;
				CLANG_WARN_DEPRECATED_OBJC_IMPLEMENTATIONS = YES;
				CLANG_WARN_DIRECT_OBJC_ISA_USAGE = YES_ERROR;
				CLANG_WARN_DOCUMENTATION_COMMENTS = YES;
				CLANG_WARN_EMPTY_BODY = YES;
				CLANG_WARN_ENUM_CONVERSION = YES;
				CLANG_WARN_INFINITE_RECURSION = YES;
				CLANG_WARN_INT_CONVERSION = YES;
				CLANG_WARN_NON_LITERAL_NULL_CONVERSION = YES;
				CLANG_WARN_OBJC_IMPLICIT_RETAIN_SELF = YES;
				CLANG_WARN_OBJC_LITERAL_CONVERSION = YES;
				CLANG_WARN_OBJC_ROOT_CLASS = YES_ERROR;
				CLANG_WARN_QUOTED_INCLUDE_IN_FRAMEWORK_HEADER = YES;
				CLANG_WARN_RANGE_LOOP_ANALYSIS = YES;
				CLANG_WARN_STRICT_PROTOTYPES = YES;
				CLANG_WARN_SUSPICIOUS_MOVE = YES;
				CLANG_WARN_UNGUARDED_AVAILABILITY = YES_AGGRESSIVE;
				CLANG_WARN_UNREACHABLE_CODE = YES;
				CLANG_WARN__DUPLICATE_METHOD_MATCH = YES;
				COPY_PHASE_STRIP = NO;
				DEBUG_INFORMATION_FORMAT = "dwarf-with-dsym";
				ENABLE_NS_ASSERTIONS = NO;
				ENABLE_STRICT_OBJC_MSGSEND = YES;
				GCC_C_LANGUAGE_STANDARD = gnu11;
				GCC_NO_COMMON_BLOCKS = YES;
				GCC_WARN_64_TO_32_BIT_CONVERSION = YES;
				GCC_WARN_ABOUT_RETURN_TYPE = YES_ERROR;
				GCC_WARN_UNDECLARED_SELECTOR = YES;
				GCC_WARN_UNINITIALIZED_AUTOS = YES_AGGRESSIVE;
				GCC_WARN_UNUSED_FUNCTION = YES;
				GCC_WARN_UNUSED_VARIABLE = YES;
				IPHONEOS_DEPLOYMENT_TARGET = 14.1;
				MTL_ENABLE_DEBUG_INFO = NO;
				MTL_FAST_MATH = YES;
				SDKROOT = iphoneos;
				SWIFT_COMPILATION_MODE = wholemodule;
				SWIFT_OPTIMIZATION_LEVEL = "-O";
				VALIDATE_PRODUCT = YES;
			};
			name = Release;
		};
		95C400AF256A524200EDB089 /* Debug */ = {
			isa = XCBuildConfiguration;
			baseConfigurationReference = 6EFE1F9F96684D3157FD0EAA /* Pods-OneStepDemo.debug.xcconfig */;
			buildSettings = {
				ASSETCATALOG_COMPILER_APPICON_NAME = AppIcon;
				ASSETCATALOG_COMPILER_GLOBAL_ACCENT_COLOR_NAME = AccentColor;
				CODE_SIGN_STYLE = Automatic;
				DEVELOPMENT_TEAM = QVJ4Q52MNY;
				INFOPLIST_FILE = OneStepDemo/Info.plist;
				LD_RUNPATH_SEARCH_PATHS = (
					"$(inherited)",
					"@executable_path/Frameworks",
				);
				PRODUCT_BUNDLE_IDENTIFIER = amjad.OneStepDemo;
				PRODUCT_NAME = "$(TARGET_NAME)";
				SWIFT_VERSION = 5.0;
				TARGETED_DEVICE_FAMILY = "1,2";
			};
			name = Debug;
		};
		95C400B0256A524200EDB089 /* Release */ = {
			isa = XCBuildConfiguration;
			baseConfigurationReference = CBBAF9EFFB846DB44668B7B1 /* Pods-OneStepDemo.release.xcconfig */;
			buildSettings = {
				ASSETCATALOG_COMPILER_APPICON_NAME = AppIcon;
				ASSETCATALOG_COMPILER_GLOBAL_ACCENT_COLOR_NAME = AccentColor;
				CODE_SIGN_STYLE = Automatic;
				DEVELOPMENT_TEAM = QVJ4Q52MNY;
				INFOPLIST_FILE = OneStepDemo/Info.plist;
				LD_RUNPATH_SEARCH_PATHS = (
					"$(inherited)",
					"@executable_path/Frameworks",
				);
				PRODUCT_BUNDLE_IDENTIFIER = amjad.OneStepDemo;
				PRODUCT_NAME = "$(TARGET_NAME)";
				SWIFT_VERSION = 5.0;
				TARGETED_DEVICE_FAMILY = "1,2";
			};
			name = Release;
		};
		95C400B2256A524200EDB089 /* Debug */ = {
			isa = XCBuildConfiguration;
			baseConfigurationReference = A9FFA63FDDC1E94A2B5DBC26 /* Pods-OneStepDemoTests.debug.xcconfig */;
			buildSettings = {
				ALWAYS_EMBED_SWIFT_STANDARD_LIBRARIES = YES;
				BUNDLE_LOADER = "$(TEST_HOST)";
				CODE_SIGN_STYLE = Automatic;
				DEVELOPMENT_TEAM = QVJ4Q52MNY;
				INFOPLIST_FILE = OneStepDemoTests/Info.plist;
				IPHONEOS_DEPLOYMENT_TARGET = 14.1;
				LD_RUNPATH_SEARCH_PATHS = (
					"$(inherited)",
					"@executable_path/Frameworks",
					"@loader_path/Frameworks",
				);
				PRODUCT_BUNDLE_IDENTIFIER = amjad.OneStepDemoTests;
				PRODUCT_NAME = "$(TARGET_NAME)";
				SWIFT_VERSION = 5.0;
				TARGETED_DEVICE_FAMILY = "1,2";
				TEST_HOST = "$(BUILT_PRODUCTS_DIR)/OneStepDemo.app/OneStepDemo";
			};
			name = Debug;
		};
		95C400B3256A524200EDB089 /* Release */ = {
			isa = XCBuildConfiguration;
			baseConfigurationReference = A9CC54BA7741B6DC3562DECC /* Pods-OneStepDemoTests.release.xcconfig */;
			buildSettings = {
				ALWAYS_EMBED_SWIFT_STANDARD_LIBRARIES = YES;
				BUNDLE_LOADER = "$(TEST_HOST)";
				CODE_SIGN_STYLE = Automatic;
				DEVELOPMENT_TEAM = QVJ4Q52MNY;
				INFOPLIST_FILE = OneStepDemoTests/Info.plist;
				IPHONEOS_DEPLOYMENT_TARGET = 14.1;
				LD_RUNPATH_SEARCH_PATHS = (
					"$(inherited)",
					"@executable_path/Frameworks",
					"@loader_path/Frameworks",
				);
				PRODUCT_BUNDLE_IDENTIFIER = amjad.OneStepDemoTests;
				PRODUCT_NAME = "$(TARGET_NAME)";
				SWIFT_VERSION = 5.0;
				TARGETED_DEVICE_FAMILY = "1,2";
				TEST_HOST = "$(BUILT_PRODUCTS_DIR)/OneStepDemo.app/OneStepDemo";
			};
			name = Release;
		};
		95C400B5256A524200EDB089 /* Debug */ = {
			isa = XCBuildConfiguration;
			baseConfigurationReference = F7637CC61C71733A3D756596 /* Pods-OneStepDemo-OneStepDemoUITests.debug.xcconfig */;
			buildSettings = {
				ALWAYS_EMBED_SWIFT_STANDARD_LIBRARIES = YES;
				CODE_SIGN_STYLE = Automatic;
				DEVELOPMENT_TEAM = QVJ4Q52MNY;
				INFOPLIST_FILE = OneStepDemoUITests/Info.plist;
				LD_RUNPATH_SEARCH_PATHS = (
					"$(inherited)",
					"@executable_path/Frameworks",
					"@loader_path/Frameworks",
				);
				PRODUCT_BUNDLE_IDENTIFIER = amjad.OneStepDemoUITests;
				PRODUCT_NAME = "$(TARGET_NAME)";
				SWIFT_VERSION = 5.0;
				TARGETED_DEVICE_FAMILY = "1,2";
				TEST_TARGET_NAME = OneStepDemo;
			};
			name = Debug;
		};
		95C400B6256A524200EDB089 /* Release */ = {
			isa = XCBuildConfiguration;
			baseConfigurationReference = 60E8E1867419F8109801D3DA /* Pods-OneStepDemo-OneStepDemoUITests.release.xcconfig */;
			buildSettings = {
				ALWAYS_EMBED_SWIFT_STANDARD_LIBRARIES = YES;
				CODE_SIGN_STYLE = Automatic;
				DEVELOPMENT_TEAM = QVJ4Q52MNY;
				INFOPLIST_FILE = OneStepDemoUITests/Info.plist;
				LD_RUNPATH_SEARCH_PATHS = (
					"$(inherited)",
					"@executable_path/Frameworks",
					"@loader_path/Frameworks",
				);
				PRODUCT_BUNDLE_IDENTIFIER = amjad.OneStepDemoUITests;
				PRODUCT_NAME = "$(TARGET_NAME)";
				SWIFT_VERSION = 5.0;
				TARGETED_DEVICE_FAMILY = "1,2";
				TEST_TARGET_NAME = OneStepDemo;
			};
			name = Release;
		};
/* End XCBuildConfiguration section */

/* Begin XCConfigurationList section */
		95C4007F256A524100EDB089 /* Build configuration list for PBXProject "OneStepDemo" */ = {
			isa = XCConfigurationList;
			buildConfigurations = (
				95C400AC256A524200EDB089 /* Debug */,
				95C400AD256A524200EDB089 /* Release */,
			);
			defaultConfigurationIsVisible = 0;
			defaultConfigurationName = Release;
		};
		95C400AE256A524200EDB089 /* Build configuration list for PBXNativeTarget "OneStepDemo" */ = {
			isa = XCConfigurationList;
			buildConfigurations = (
				95C400AF256A524200EDB089 /* Debug */,
				95C400B0256A524200EDB089 /* Release */,
			);
			defaultConfigurationIsVisible = 0;
			defaultConfigurationName = Release;
		};
		95C400B1256A524200EDB089 /* Build configuration list for PBXNativeTarget "OneStepDemoTests" */ = {
			isa = XCConfigurationList;
			buildConfigurations = (
				95C400B2256A524200EDB089 /* Debug */,
				95C400B3256A524200EDB089 /* Release */,
			);
			defaultConfigurationIsVisible = 0;
			defaultConfigurationName = Release;
		};
		95C400B4256A524200EDB089 /* Build configuration list for PBXNativeTarget "OneStepDemoUITests" */ = {
			isa = XCConfigurationList;
			buildConfigurations = (
				95C400B5256A524200EDB089 /* Debug */,
				95C400B6256A524200EDB089 /* Release */,
			);
			defaultConfigurationIsVisible = 0;
			defaultConfigurationName = Release;
		};
/* End XCConfigurationList section */
	};
	rootObject = 95C4007C256A524100EDB089 /* Project object */;
}
